
Microsoft Visual Studio Solution File, Format Version 12.00
# Visual Studio Version 17
VisualStudioVersion = 17.9.34714.143
MinimumVisualStudioVersion = 10.0.40219.1
Project("{FAE04EC0-301F-11D3-BF4B-00C04F79EFBC}") = "QuanLyKhachHangNganHang", "QuanLyKhachHangNganHang\QuanLyKhachHangNganHang.csproj", "{D313621E-6D77-4EE1-9659-9377598F422A}"
EndProject
Global
	GlobalSection(SolutionConfigurationPlatforms) = preSolution
		Debug|Any CPU = Debug|Any CPU
		Release|Any CPU = Release|Any CPU
	EndGlobalSection
	GlobalSection(ProjectConfigurationPlatforms) = postSolution
		{D313621E-6D77-4EE1-9659-9377598F422A}.Debug|Any CPU.ActiveCfg = Debug|Any CPU
		{D313621E-6D77-4EE1-9659-9377598F422A}.Debug|Any CPU.Build.0 = Debug|Any CPU
		{D313621E-6D77-4EE1-9659-9377598F422A}.Release|Any CPU.ActiveCfg = Release|Any CPU
		{D313621E-6D77-4EE1-9659-9377598F422A}.Release|Any CPU.Build.0 = Release|Any CPU
	EndGlobalSection
	GlobalSection(SolutionProperties) = preSolution
		HideSolutionNode = FALSE
	EndGlobalSection
	GlobalSection(ExtensibilityGlobals) = postSolution
		SolutionGuid = {E3254B81-F37A-486A-A42F-94EAEFAE4486}
	EndGlobalSection
EndGlobal
